
Microsoft Visual Studio Solution File, Format Version 12.00
# Visual Studio Version 17
VisualStudioVersion = 17.13.35818.85
MinimumVisualStudioVersion = 10.0.40219.1
Project("{FAE04EC0-301F-11D3-BF4B-00C04F79EFBC}") = "ConsultancyApplication.Core", "ConsultancyApplication.Core\ConsultancyApplication.Core.csproj", "{10ECACBA-84F4-468A-871E-57AE8C6B07A4}"
EndProject
Project("{FAE04EC0-301F-11D3-BF4B-00C04F79EFBC}") = "ConsultancyApplication.Infrastructure", "ConsultancyApplication.Infrastructure\ConsultancyApplication.Infrastructure.csproj", "{7DA24CA1-E933-49F4-96AE-BC2D7CB08334}"
EndProject
Project("{FAE04EC0-301F-11D3-BF4B-00C04F79EFBC}") = "ConsultancyApplication.Web", "ConsultancyApplication.Web\ConsultancyApplication.Web.csproj", "{8B0452C9-BC22-4628-9AE6-18750190B60A}"
EndProject
Global
	GlobalSection(SolutionConfigurationPlatforms) = preSolution
		Debug|Any CPU = Debug|Any CPU
		Release|Any CPU = Release|Any CPU
	EndGlobalSection
	GlobalSection(ProjectConfigurationPlatforms) = postSolution
		{10ECACBA-84F4-468A-871E-57AE8C6B07A4}.Debug|Any CPU.ActiveCfg = Debug|Any CPU
		{10ECACBA-84F4-468A-871E-57AE8C6B07A4}.Debug|Any CPU.Build.0 = Debug|Any CPU
		{10ECACBA-84F4-468A-871E-57AE8C6B07A4}.Release|Any CPU.ActiveCfg = Release|Any CPU
		{10ECACBA-84F4-468A-871E-57AE8C6B07A4}.Release|Any CPU.Build.0 = Release|Any CPU
		{7DA24CA1-E933-49F4-96AE-BC2D7CB08334}.Debug|Any CPU.ActiveCfg = Debug|Any CPU
		{7DA24CA1-E933-49F4-96AE-BC2D7CB08334}.Debug|Any CPU.Build.0 = Debug|Any CPU
		{7DA24CA1-E933-49F4-96AE-BC2D7CB08334}.Release|Any CPU.ActiveCfg = Release|Any CPU
		{7DA24CA1-E933-49F4-96AE-BC2D7CB08334}.Release|Any CPU.Build.0 = Release|Any CPU
		{8B0452C9-BC22-4628-9AE6-18750190B60A}.Debug|Any CPU.ActiveCfg = Debug|Any CPU
		{8B0452C9-BC22-4628-9AE6-18750190B60A}.Debug|Any CPU.Build.0 = Debug|Any CPU
		{8B0452C9-BC22-4628-9AE6-18750190B60A}.Release|Any CPU.ActiveCfg = Release|Any CPU
		{8B0452C9-BC22-4628-9AE6-18750190B60A}.Release|Any CPU.Build.0 = Release|Any CPU
	EndGlobalSection
	GlobalSection(SolutionProperties) = preSolution
		HideSolutionNode = FALSE
	EndGlobalSection
	GlobalSection(ExtensibilityGlobals) = postSolution
		SolutionGuid = {0C124667-CA26-48CA-9450-D4AD86B2EB49}
	EndGlobalSection
EndGlobal
